lockfileVersion: '9.0'

settings:
  autoInstallPeers: true
  excludeLinksFromLockfile: false

importers:

  .:
    devDependencies:
      karabiner.ts:
        specifier: ^1.29.0
        version: 1.37.0
      typescript:
        specifier: ^5.5.3
        version: 5.9.3

packages:

  karabiner.ts@1.37.0:
    resolution: {integrity: sha512-e1wTdyT1ZOI0lfMkBKNYpu5cODw6ocxBvTho2tVezjK4zqAL1fh+RnzxsTT56ZMI3GycUKeIbsQfrVI6GaArTQ==}

  typescript@5.9.3:
    resolution: {integrity: sha512-jl1vZzPDinLr9eUt3J/t7V6FgNEw9QjvBPdysz9KfQDD41fQrC2Y4vKQdiaUpFT4bXlb1RHhLpp8wtm6M5TgSw==}
    engines: {node: '>=14.17'}
    hasBin: true

snapshots:

  karabiner.ts@1.37.0: {}

  typescript@5.9.3: {}
